
Microsoft Visual Studio Solution File, Format Version 12.00
# Visual Studio 14
VisualStudioVersion = 14.0.25123.0
MinimumVisualStudioVersion = 10.0.40219.1
Project("{2150E333-8FDC-42A3-9474-1A3956D46DE8}") = "src", "src", "{953F9E0A-E691-47A0-B029-314E300E75B4}"
EndProject
Project("{FAE04EC0-301F-11D3-BF4B-00C04F79EFBC}") = "DanMacross", "src\DanMacross\DanMacross.csproj", "{7E902E31-8023-40F6-AD70-5C3B67341097}"
EndProject
Project("{FAE04EC0-301F-11D3-BF4B-00C04F79EFBC}") = "DanMacross.iOS", "src\iOS\DanMacross.iOS.csproj", "{805838B9-1992-44D4-9235-6D35A9F30469}"
EndProject
Project("{FAE04EC0-301F-11D3-BF4B-00C04F79EFBC}") = "DanMacross.Droid", "src\Droid\DanMacross.Droid.csproj", "{00626F49-63A0-4A0A-82F3-B5DCE9488BD0}"
EndProject
Project("{FAE04EC0-301F-11D3-BF4B-00C04F79EFBC}") = "DanMacross.UWP", "src\UWP\DanMacross.UWP.csproj", "{2B59AB94-5FF2-426E-B4D8-97CB51CDBA2C}"
EndProject
Project("{2150E333-8FDC-42A3-9474-1A3956D46DE8}") = "sample", "sample", "{0283E8DC-BDB9-4F9B-BC53-E7FE3E966DAC}"
EndProject
Project("{FAE04EC0-301F-11D3-BF4B-00C04F79EFBC}") = "DanMacrossSample", "sample\DanMacrossSample\DanMacrossSample.csproj", "{FF75708A-09D5-4AAC-A9A7-16E3D0AA6CDE}"
EndProject
Project("{FAE04EC0-301F-11D3-BF4B-00C04F79EFBC}") = "DanMacrossSample.iOS", "sample\iOS\DanMacrossSample.iOS.csproj", "{46570F72-28DA-4340-87F9-5111A5F59547}"
EndProject
Project("{FAE04EC0-301F-11D3-BF4B-00C04F79EFBC}") = "DanMacrossSample.Droid", "sample\Droid\DanMacrossSample.Droid.csproj", "{EEFEDA2C-C12E-46B7-A3E7-9ECE7345B42B}"
EndProject
Project("{FAE04EC0-301F-11D3-BF4B-00C04F79EFBC}") = "DanMacrossSample.UWP", "sample\UWP\DanMacrossSample.UWP.csproj", "{DF7171E1-7D04-40C5-A564-4D90AE0E6540}"
EndProject
Global
	GlobalSection(SolutionConfigurationPlatforms) = preSolution
		AppStore|Any CPU = AppStore|Any CPU
		AppStore|ARM = AppStore|ARM
		AppStore|iPhone = AppStore|iPhone
		AppStore|iPhoneSimulator = AppStore|iPhoneSimulator
		AppStore|x64 = AppStore|x64
		AppStore|x86 = AppStore|x86
		Debug|Any CPU = Debug|Any CPU
		Debug|ARM = Debug|ARM
		Debug|iPhone = Debug|iPhone
		Debug|iPhoneSimulator = Debug|iPhoneSimulator
		Debug|x64 = Debug|x64
		Debug|x86 = Debug|x86
		Release|Any CPU = Release|Any CPU
		Release|ARM = Release|ARM
		Release|iPhone = Release|iPhone
		Release|iPhoneSimulator = Release|iPhoneSimulator
		Release|x64 = Release|x64
		Release|x86 = Release|x86
	EndGlobalSection
	GlobalSection(ProjectConfigurationPlatforms) = postSolution
		{7E902E31-8023-40F6-AD70-5C3B67341097}.AppStore|Any CPU.ActiveCfg = Release|Any CPU
		{7E902E31-8023-40F6-AD70-5C3B67341097}.AppStore|Any CPU.Build.0 = Release|Any CPU
		{7E902E31-8023-40F6-AD70-5C3B67341097}.AppStore|ARM.ActiveCfg = Release|Any CPU
		{7E902E31-8023-40F6-AD70-5C3B67341097}.AppStore|ARM.Build.0 = Release|Any CPU
		{7E902E31-8023-40F6-AD70-5C3B67341097}.AppStore|iPhone.ActiveCfg = Release|Any CPU
		{7E902E31-8023-40F6-AD70-5C3B67341097}.AppStore|iPhone.Build.0 = Release|Any CPU
		{7E902E31-8023-40F6-AD70-5C3B67341097}.AppStore|iPhoneSimulator.ActiveCfg = Release|Any CPU
		{7E902E31-8023-40F6-AD70-5C3B67341097}.AppStore|iPhoneSimulator.Build.0 = Release|Any CPU
		{7E902E31-8023-40F6-AD70-5C3B67341097}.AppStore|x64.ActiveCfg = Release|Any CPU
		{7E902E31-8023-40F6-AD70-5C3B67341097}.AppStore|x64.Build.0 = Release|Any CPU
		{7E902E31-8023-40F6-AD70-5C3B67341097}.AppStore|x86.ActiveCfg = Release|Any CPU
		{7E902E31-8023-40F6-AD70-5C3B67341097}.AppStore|x86.Build.0 = Release|Any CPU
		{7E902E31-8023-40F6-AD70-5C3B67341097}.Debug|Any CPU.ActiveCfg = Debug|Any CPU
		{7E902E31-8023-40F6-AD70-5C3B67341097}.Debug|Any CPU.Build.0 = Debug|Any CPU
		{7E902E31-8023-40F6-AD70-5C3B67341097}.Debug|ARM.ActiveCfg = Debug|Any CPU
		{7E902E31-8023-40F6-AD70-5C3B67341097}.Debug|ARM.Build.0 = Debug|Any CPU
		{7E902E31-8023-40F6-AD70-5C3B67341097}.Debug|iPhone.ActiveCfg = Debug|Any CPU
		{7E902E31-8023-40F6-AD70-5C3B67341097}.Debug|iPhone.Build.0 = Debug|Any CPU
		{7E902E31-8023-40F6-AD70-5C3B67341097}.Debug|iPhoneSimulator.ActiveCfg = Debug|Any CPU
		{7E902E31-8023-40F6-AD70-5C3B67341097}.Debug|iPhoneSimulator.Build.0 = Debug|Any CPU
		{7E902E31-8023-40F6-AD70-5C3B67341097}.Debug|x64.ActiveCfg = Debug|Any CPU
		{7E902E31-8023-40F6-AD70-5C3B67341097}.Debug|x64.Build.0 = Debug|Any CPU
		{7E902E31-8023-40F6-AD70-5C3B67341097}.Debug|x86.ActiveCfg = Debug|Any CPU
		{7E902E31-8023-40F6-AD70-5C3B67341097}.Debug|x86.Build.0 = Debug|Any CPU
		{7E902E31-8023-40F6-AD70-5C3B67341097}.Release|Any CPU.ActiveCfg = Release|Any CPU
		{7E902E31-8023-40F6-AD70-5C3B67341097}.Release|Any CPU.Build.0 = Release|Any CPU
		{7E902E31-8023-40F6-AD70-5C3B67341097}.Release|ARM.ActiveCfg = Release|Any CPU
		{7E902E31-8023-40F6-AD70-5C3B67341097}.Release|ARM.Build.0 = Release|Any CPU
		{7E902E31-8023-40F6-AD70-5C3B67341097}.Release|iPhone.ActiveCfg = Release|Any CPU
		{7E902E31-8023-40F6-AD70-5C3B67341097}.Release|iPhone.Build.0 = Release|Any CPU
		{7E902E31-8023-40F6-AD70-5C3B67341097}.Release|iPhoneSimulator.ActiveCfg = Release|Any CPU
		{7E902E31-8023-40F6-AD70-5C3B67341097}.Release|iPhoneSimulator.Build.0 = Release|Any CPU
		{7E902E31-8023-40F6-AD70-5C3B67341097}.Release|x64.ActiveCfg = Release|Any CPU
		{7E902E31-8023-40F6-AD70-5C3B67341097}.Release|x64.Build.0 = Release|Any CPU
		{7E902E31-8023-40F6-AD70-5C3B67341097}.Release|x86.ActiveCfg = Release|Any CPU
		{7E902E31-8023-40F6-AD70-5C3B67341097}.Release|x86.Build.0 = Release|Any CPU
		{805838B9-1992-44D4-9235-6D35A9F30469}.AppStore|Any CPU.ActiveCfg = AppStore|iPhone
		{805838B9-1992-44D4-9235-6D35A9F30469}.AppStore|ARM.ActiveCfg = AppStore|iPhone
		{805838B9-1992-44D4-9235-6D35A9F30469}.AppStore|iPhone.ActiveCfg = AppStore|iPhone
		{805838B9-1992-44D4-9235-6D35A9F30469}.AppStore|iPhone.Build.0 = AppStore|iPhone
		{805838B9-1992-44D4-9235-6D35A9F30469}.AppStore|iPhoneSimulator.ActiveCfg = AppStore|iPhoneSimulator
		{805838B9-1992-44D4-9235-6D35A9F30469}.AppStore|iPhoneSimulator.Build.0 = AppStore|iPhoneSimulator
		{805838B9-1992-44D4-9235-6D35A9F30469}.AppStore|x64.ActiveCfg = AppStore|iPhone
		{805838B9-1992-44D4-9235-6D35A9F30469}.AppStore|x86.ActiveCfg = AppStore|iPhone
		{805838B9-1992-44D4-9235-6D35A9F30469}.Debug|Any CPU.ActiveCfg = Debug|iPhoneSimulator
		{805838B9-1992-44D4-9235-6D35A9F30469}.Debug|Any CPU.Build.0 = Debug|iPhoneSimulator
		{805838B9-1992-44D4-9235-6D35A9F30469}.Debug|ARM.ActiveCfg = Debug|iPhone
		{805838B9-1992-44D4-9235-6D35A9F30469}.Debug|iPhone.ActiveCfg = Debug|iPhone
		{805838B9-1992-44D4-9235-6D35A9F30469}.Debug|iPhone.Build.0 = Debug|iPhone
		{805838B9-1992-44D4-9235-6D35A9F30469}.Debug|iPhoneSimulator.ActiveCfg = Debug|iPhoneSimulator
		{805838B9-1992-44D4-9235-6D35A9F30469}.Debug|iPhoneSimulator.Build.0 = Debug|iPhoneSimulator
		{805838B9-1992-44D4-9235-6D35A9F30469}.Debug|x64.ActiveCfg = Debug|iPhone
		{805838B9-1992-44D4-9235-6D35A9F30469}.Debug|x86.ActiveCfg = Debug|iPhone
		{805838B9-1992-44D4-9235-6D35A9F30469}.Release|Any CPU.ActiveCfg = Release|iPhone
		{805838B9-1992-44D4-9235-6D35A9F30469}.Release|Any CPU.Build.0 = Release|iPhone
		{805838B9-1992-44D4-9235-6D35A9F30469}.Release|ARM.ActiveCfg = Release|iPhoneSimulator
		{805838B9-1992-44D4-9235-6D35A9F30469}.Release|iPhone.ActiveCfg = Release|iPhone
		{805838B9-1992-44D4-9235-6D35A9F30469}.Release|iPhone.Build.0 = Release|iPhone
		{805838B9-1992-44D4-9235-6D35A9F30469}.Release|iPhoneSimulator.ActiveCfg = Release|iPhoneSimulator
		{805838B9-1992-44D4-9235-6D35A9F30469}.Release|iPhoneSimulator.Build.0 = Release|iPhoneSimulator
		{805838B9-1992-44D4-9235-6D35A9F30469}.Release|x64.ActiveCfg = Release|iPhoneSimulator
		{805838B9-1992-44D4-9235-6D35A9F30469}.Release|x86.ActiveCfg = Release|iPhoneSimulator
		{00626F49-63A0-4A0A-82F3-B5DCE9488BD0}.AppStore|Any CPU.ActiveCfg = Release|Any CPU
		{00626F49-63A0-4A0A-82F3-B5DCE9488BD0}.AppStore|Any CPU.Build.0 = Release|Any CPU
		{00626F49-63A0-4A0A-82F3-B5DCE9488BD0}.AppStore|ARM.ActiveCfg = Release|Any CPU
		{00626F49-63A0-4A0A-82F3-B5DCE9488BD0}.AppStore|ARM.Build.0 = Release|Any CPU
		{00626F49-63A0-4A0A-82F3-B5DCE9488BD0}.AppStore|iPhone.ActiveCfg = Release|Any CPU
		{00626F49-63A0-4A0A-82F3-B5DCE9488BD0}.AppStore|iPhone.Build.0 = Release|Any CPU
		{00626F49-63A0-4A0A-82F3-B5DCE9488BD0}.AppStore|iPhoneSimulator.ActiveCfg = Release|Any CPU
		{00626F49-63A0-4A0A-82F3-B5DCE9488BD0}.AppStore|iPhoneSimulator.Build.0 = Release|Any CPU
		{00626F49-63A0-4A0A-82F3-B5DCE9488BD0}.AppStore|x64.ActiveCfg = Release|Any CPU
		{00626F49-63A0-4A0A-82F3-B5DCE9488BD0}.AppStore|x64.Build.0 = Release|Any CPU
		{00626F49-63A0-4A0A-82F3-B5DCE9488BD0}.AppStore|x86.ActiveCfg = Release|Any CPU
		{00626F49-63A0-4A0A-82F3-B5DCE9488BD0}.AppStore|x86.Build.0 = Release|Any CPU
		{00626F49-63A0-4A0A-82F3-B5DCE9488BD0}.Debug|Any CPU.ActiveCfg = Debug|Any CPU
		{00626F49-63A0-4A0A-82F3-B5DCE9488BD0}.Debug|Any CPU.Build.0 = Debug|Any CPU
		{00626F49-63A0-4A0A-82F3-B5DCE9488BD0}.Debug|ARM.ActiveCfg = Debug|Any CPU
		{00626F49-63A0-4A0A-82F3-B5DCE9488BD0}.Debug|ARM.Build.0 = Debug|Any CPU
		{00626F49-63A0-4A0A-82F3-B5DCE9488BD0}.Debug|iPhone.ActiveCfg = Debug|Any CPU
		{00626F49-63A0-4A0A-82F3-B5DCE9488BD0}.Debug|iPhone.Build.0 = Debug|Any CPU
		{00626F49-63A0-4A0A-82F3-B5DCE9488BD0}.Debug|iPhoneSimulator.ActiveCfg = Debug|Any CPU
		{00626F49-63A0-4A0A-82F3-B5DCE9488BD0}.Debug|iPhoneSimulator.Build.0 = Debug|Any CPU
		{00626F49-63A0-4A0A-82F3-B5DCE9488BD0}.Debug|x64.ActiveCfg = Debug|Any CPU
		{00626F49-63A0-4A0A-82F3-B5DCE9488BD0}.Debug|x64.Build.0 = Debug|Any CPU
		{00626F49-63A0-4A0A-82F3-B5DCE9488BD0}.Debug|x86.ActiveCfg = Debug|Any CPU
		{00626F49-63A0-4A0A-82F3-B5DCE9488BD0}.Debug|x86.Build.0 = Debug|Any CPU
		{00626F49-63A0-4A0A-82F3-B5DCE9488BD0}.Release|Any CPU.ActiveCfg = Release|Any CPU
		{00626F49-63A0-4A0A-82F3-B5DCE9488BD0}.Release|Any CPU.Build.0 = Release|Any CPU
		{00626F49-63A0-4A0A-82F3-B5DCE9488BD0}.Release|ARM.ActiveCfg = Release|Any CPU
		{00626F49-63A0-4A0A-82F3-B5DCE9488BD0}.Release|ARM.Build.0 = Release|Any CPU
		{00626F49-63A0-4A0A-82F3-B5DCE9488BD0}.Release|iPhone.ActiveCfg = Release|Any CPU
		{00626F49-63A0-4A0A-82F3-B5DCE9488BD0}.Release|iPhone.Build.0 = Release|Any CPU
		{00626F49-63A0-4A0A-82F3-B5DCE9488BD0}.Release|iPhoneSimulator.ActiveCfg = Release|Any CPU
		{00626F49-63A0-4A0A-82F3-B5DCE9488BD0}.Release|iPhoneSimulator.Build.0 = Release|Any CPU
		{00626F49-63A0-4A0A-82F3-B5DCE9488BD0}.Release|x64.ActiveCfg = Release|Any CPU
		{00626F49-63A0-4A0A-82F3-B5DCE9488BD0}.Release|x64.Build.0 = Release|Any CPU
		{00626F49-63A0-4A0A-82F3-B5DCE9488BD0}.Release|x86.ActiveCfg = Release|Any CPU
		{00626F49-63A0-4A0A-82F3-B5DCE9488BD0}.Release|x86.Build.0 = Release|Any CPU
		{2B59AB94-5FF2-426E-B4D8-97CB51CDBA2C}.AppStore|Any CPU.ActiveCfg = Release|Any CPU
		{2B59AB94-5FF2-426E-B4D8-97CB51CDBA2C}.AppStore|Any CPU.Build.0 = Release|Any CPU
		{2B59AB94-5FF2-426E-B4D8-97CB51CDBA2C}.AppStore|ARM.ActiveCfg = Release|ARM
		{2B59AB94-5FF2-426E-B4D8-97CB51CDBA2C}.AppStore|ARM.Build.0 = Release|ARM
		{2B59AB94-5FF2-426E-B4D8-97CB51CDBA2C}.AppStore|iPhone.ActiveCfg = Release|Any CPU
		{2B59AB94-5FF2-426E-B4D8-97CB51CDBA2C}.AppStore|iPhone.Build.0 = Release|Any CPU
		{2B59AB94-5FF2-426E-B4D8-97CB51CDBA2C}.AppStore|iPhoneSimulator.ActiveCfg = Release|Any CPU
		{2B59AB94-5FF2-426E-B4D8-97CB51CDBA2C}.AppStore|iPhoneSimulator.Build.0 = Release|Any CPU
		{2B59AB94-5FF2-426E-B4D8-97CB51CDBA2C}.AppStore|x64.ActiveCfg = Release|x64
		{2B59AB94-5FF2-426E-B4D8-97CB51CDBA2C}.AppStore|x64.Build.0 = Release|x64
		{2B59AB94-5FF2-426E-B4D8-97CB51CDBA2C}.AppStore|x86.ActiveCfg = Release|x86
		{2B59AB94-5FF2-426E-B4D8-97CB51CDBA2C}.AppStore|x86.Build.0 = Release|x86
		{2B59AB94-5FF2-426E-B4D8-97CB51CDBA2C}.Debug|Any CPU.ActiveCfg = Debug|Any CPU
		{2B59AB94-5FF2-426E-B4D8-97CB51CDBA2C}.Debug|Any CPU.Build.0 = Debug|Any CPU
		{2B59AB94-5FF2-426E-B4D8-97CB51CDBA2C}.Debug|ARM.ActiveCfg = Debug|ARM
		{2B59AB94-5FF2-426E-B4D8-97CB51CDBA2C}.Debug|ARM.Build.0 = Debug|ARM
		{2B59AB94-5FF2-426E-B4D8-97CB51CDBA2C}.Debug|iPhone.ActiveCfg = Debug|Any CPU
		{2B59AB94-5FF2-426E-B4D8-97CB51CDBA2C}.Debug|iPhone.Build.0 = Debug|Any CPU
		{2B59AB94-5FF2-426E-B4D8-97CB51CDBA2C}.Debug|iPhoneSimulator.ActiveCfg = Debug|Any CPU
		{2B59AB94-5FF2-426E-B4D8-97CB51CDBA2C}.Debug|iPhoneSimulator.Build.0 = Debug|Any CPU
		{2B59AB94-5FF2-426E-B4D8-97CB51CDBA2C}.Debug|x64.ActiveCfg = Debug|x64
		{2B59AB94-5FF2-426E-B4D8-97CB51CDBA2C}.Debug|x64.Build.0 = Debug|x64
		{2B59AB94-5FF2-426E-B4D8-97CB51CDBA2C}.Debug|x86.ActiveCfg = Debug|x86
		{2B59AB94-5FF2-426E-B4D8-97CB51CDBA2C}.Debug|x86.Build.0 = Debug|x86
		{2B59AB94-5FF2-426E-B4D8-97CB51CDBA2C}.Release|Any CPU.ActiveCfg = Release|Any CPU
		{2B59AB94-5FF2-426E-B4D8-97CB51CDBA2C}.Release|Any CPU.Build.0 = Release|Any CPU
		{2B59AB94-5FF2-426E-B4D8-97CB51CDBA2C}.Release|ARM.ActiveCfg = Release|ARM
		{2B59AB94-5FF2-426E-B4D8-97CB51CDBA2C}.Release|ARM.Build.0 = Release|ARM
		{2B59AB94-5FF2-426E-B4D8-97CB51CDBA2C}.Release|iPhone.ActiveCfg = Release|Any CPU
		{2B59AB94-5FF2-426E-B4D8-97CB51CDBA2C}.Release|iPhone.Build.0 = Release|Any CPU
		{2B59AB94-5FF2-426E-B4D8-97CB51CDBA2C}.Release|iPhoneSimulator.ActiveCfg = Release|Any CPU
		{2B59AB94-5FF2-426E-B4D8-97CB51CDBA2C}.Release|iPhoneSimulator.Build.0 = Release|Any CPU
		{2B59AB94-5FF2-426E-B4D8-97CB51CDBA2C}.Release|x64.ActiveCfg = Release|x64
		{2B59AB94-5FF2-426E-B4D8-97CB51CDBA2C}.Release|x64.Build.0 = Release|x64
		{2B59AB94-5FF2-426E-B4D8-97CB51CDBA2C}.Release|x86.ActiveCfg = Release|x86
		{2B59AB94-5FF2-426E-B4D8-97CB51CDBA2C}.Release|x86.Build.0 = Release|x86
		{FF75708A-09D5-4AAC-A9A7-16E3D0AA6CDE}.AppStore|Any CPU.ActiveCfg = Release|Any CPU
		{FF75708A-09D5-4AAC-A9A7-16E3D0AA6CDE}.AppStore|Any CPU.Build.0 = Release|Any CPU
		{FF75708A-09D5-4AAC-A9A7-16E3D0AA6CDE}.AppStore|ARM.ActiveCfg = Release|Any CPU
		{FF75708A-09D5-4AAC-A9A7-16E3D0AA6CDE}.AppStore|ARM.Build.0 = Release|Any CPU
		{FF75708A-09D5-4AAC-A9A7-16E3D0AA6CDE}.AppStore|iPhone.ActiveCfg = Release|Any CPU
		{FF75708A-09D5-4AAC-A9A7-16E3D0AA6CDE}.AppStore|iPhone.Build.0 = Release|Any CPU
		{FF75708A-09D5-4AAC-A9A7-16E3D0AA6CDE}.AppStore|iPhoneSimulator.ActiveCfg = Release|Any CPU
		{FF75708A-09D5-4AAC-A9A7-16E3D0AA6CDE}.AppStore|iPhoneSimulator.Build.0 = Release|Any CPU
		{FF75708A-09D5-4AAC-A9A7-16E3D0AA6CDE}.AppStore|x64.ActiveCfg = Release|Any CPU
		{FF75708A-09D5-4AAC-A9A7-16E3D0AA6CDE}.AppStore|x64.Build.0 = Release|Any CPU
		{FF75708A-09D5-4AAC-A9A7-16E3D0AA6CDE}.AppStore|x86.ActiveCfg = Release|Any CPU
		{FF75708A-09D5-4AAC-A9A7-16E3D0AA6CDE}.AppStore|x86.Build.0 = Release|Any CPU
		{FF75708A-09D5-4AAC-A9A7-16E3D0AA6CDE}.Debug|Any CPU.ActiveCfg = Debug|Any CPU
		{FF75708A-09D5-4AAC-A9A7-16E3D0AA6CDE}.Debug|Any CPU.Build.0 = Debug|Any CPU
		{FF75708A-09D5-4AAC-A9A7-16E3D0AA6CDE}.Debug|ARM.ActiveCfg = Debug|Any CPU
		{FF75708A-09D5-4AAC-A9A7-16E3D0AA6CDE}.Debug|ARM.Build.0 = Debug|Any CPU
		{FF75708A-09D5-4AAC-A9A7-16E3D0AA6CDE}.Debug|iPhone.ActiveCfg = Debug|Any CPU
		{FF75708A-09D5-4AAC-A9A7-16E3D0AA6CDE}.Debug|iPhone.Build.0 = Debug|Any CPU
		{FF75708A-09D5-4AAC-A9A7-16E3D0AA6CDE}.Debug|iPhoneSimulator.ActiveCfg = Debug|Any CPU
		{FF75708A-09D5-4AAC-A9A7-16E3D0AA6CDE}.Debug|iPhoneSimulator.Build.0 = Debug|Any CPU
		{FF75708A-09D5-4AAC-A9A7-16E3D0AA6CDE}.Debug|x64.ActiveCfg = Debug|Any CPU
		{FF75708A-09D5-4AAC-A9A7-16E3D0AA6CDE}.Debug|x64.Build.0 = Debug|Any CPU
		{FF75708A-09D5-4AAC-A9A7-16E3D0AA6CDE}.Debug|x86.ActiveCfg = Debug|Any CPU
		{FF75708A-09D5-4AAC-A9A7-16E3D0AA6CDE}.Debug|x86.Build.0 = Debug|Any CPU
		{FF75708A-09D5-4AAC-A9A7-16E3D0AA6CDE}.Release|Any CPU.ActiveCfg = Release|Any CPU
		{FF75708A-09D5-4AAC-A9A7-16E3D0AA6CDE}.Release|Any CPU.Build.0 = Release|Any CPU
		{FF75708A-09D5-4AAC-A9A7-16E3D0AA6CDE}.Release|ARM.ActiveCfg = Release|Any CPU
		{FF75708A-09D5-4AAC-A9A7-16E3D0AA6CDE}.Release|ARM.Build.0 = Release|Any CPU
		{FF75708A-09D5-4AAC-A9A7-16E3D0AA6CDE}.Release|iPhone.ActiveCfg = Release|Any CPU
		{FF75708A-09D5-4AAC-A9A7-16E3D0AA6CDE}.Release|iPhone.Build.0 = Release|Any CPU
		{FF75708A-09D5-4AAC-A9A7-16E3D0AA6CDE}.Release|iPhoneSimulator.ActiveCfg = Release|Any CPU
		{FF75708A-09D5-4AAC-A9A7-16E3D0AA6CDE}.Release|iPhoneSimulator.Build.0 = Release|Any CPU
		{FF75708A-09D5-4AAC-A9A7-16E3D0AA6CDE}.Release|x64.ActiveCfg = Release|Any CPU
		{FF75708A-09D5-4AAC-A9A7-16E3D0AA6CDE}.Release|x64.Build.0 = Release|Any CPU
		{FF75708A-09D5-4AAC-A9A7-16E3D0AA6CDE}.Release|x86.ActiveCfg = Release|Any CPU
		{FF75708A-09D5-4AAC-A9A7-16E3D0AA6CDE}.Release|x86.Build.0 = Release|Any CPU
		{46570F72-28DA-4340-87F9-5111A5F59547}.AppStore|Any CPU.ActiveCfg = Debug|iPhoneSimulator
		{46570F72-28DA-4340-87F9-5111A5F59547}.AppStore|Any CPU.Build.0 = Debug|iPhoneSimulator
		{46570F72-28DA-4340-87F9-5111A5F59547}.AppStore|ARM.ActiveCfg = Debug|iPhoneSimulator
		{46570F72-28DA-4340-87F9-5111A5F59547}.AppStore|ARM.Build.0 = Debug|iPhoneSimulator
		{46570F72-28DA-4340-87F9-5111A5F59547}.AppStore|iPhone.ActiveCfg = Release|iPhone
		{46570F72-28DA-4340-87F9-5111A5F59547}.AppStore|iPhone.Build.0 = Release|iPhone
		{46570F72-28DA-4340-87F9-5111A5F59547}.AppStore|iPhoneSimulator.ActiveCfg = Debug|iPhoneSimulator
		{46570F72-28DA-4340-87F9-5111A5F59547}.AppStore|iPhoneSimulator.Build.0 = Debug|iPhoneSimulator
		{46570F72-28DA-4340-87F9-5111A5F59547}.AppStore|x64.ActiveCfg = Debug|iPhoneSimulator
		{46570F72-28DA-4340-87F9-5111A5F59547}.AppStore|x64.Build.0 = Debug|iPhoneSimulator
		{46570F72-28DA-4340-87F9-5111A5F59547}.AppStore|x86.ActiveCfg = Debug|iPhoneSimulator
		{46570F72-28DA-4340-87F9-5111A5F59547}.AppStore|x86.Build.0 = Debug|iPhoneSimulator
		{46570F72-28DA-4340-87F9-5111A5F59547}.Debug|Any CPU.ActiveCfg = Debug|iPhoneSimulator
		{46570F72-28DA-4340-87F9-5111A5F59547}.Debug|Any CPU.Build.0 = Debug|iPhoneSimulator
		{46570F72-28DA-4340-87F9-5111A5F59547}.Debug|ARM.ActiveCfg = Debug|iPhoneSimulator
		{46570F72-28DA-4340-87F9-5111A5F59547}.Debug|ARM.Build.0 = Debug|iPhoneSimulator
		{46570F72-28DA-4340-87F9-5111A5F59547}.Debug|iPhone.ActiveCfg = Debug|iPhone
		{46570F72-28DA-4340-87F9-5111A5F59547}.Debug|iPhone.Build.0 = Debug|iPhone
		{46570F72-28DA-4340-87F9-5111A5F59547}.Debug|iPhoneSimulator.ActiveCfg = Debug|iPhoneSimulator
		{46570F72-28DA-4340-87F9-5111A5F59547}.Debug|iPhoneSimulator.Build.0 = Debug|iPhoneSimulator
		{46570F72-28DA-4340-87F9-5111A5F59547}.Debug|x64.ActiveCfg = Debug|iPhoneSimulator
		{46570F72-28DA-4340-87F9-5111A5F59547}.Debug|x64.Build.0 = Debug|iPhoneSimulator
		{46570F72-28DA-4340-87F9-5111A5F59547}.Debug|x86.ActiveCfg = Debug|iPhoneSimulator
		{46570F72-28DA-4340-87F9-5111A5F59547}.Debug|x86.Build.0 = Debug|iPhoneSimulator
		{46570F72-28DA-4340-87F9-5111A5F59547}.Release|Any CPU.ActiveCfg = Release|iPhone
		{46570F72-28DA-4340-87F9-5111A5F59547}.Release|Any CPU.Build.0 = Release|iPhone
		{46570F72-28DA-4340-87F9-5111A5F59547}.Release|ARM.ActiveCfg = Release|iPhone
		{46570F72-28DA-4340-87F9-5111A5F59547}.Release|ARM.Build.0 = Release|iPhone
		{46570F72-28DA-4340-87F9-5111A5F59547}.Release|iPhone.ActiveCfg = Release|iPhone
		{46570F72-28DA-4340-87F9-5111A5F59547}.Release|iPhone.Build.0 = Release|iPhone
		{46570F72-28DA-4340-87F9-5111A5F59547}.Release|iPhoneSimulator.ActiveCfg = Release|iPhoneSimulator
		{46570F72-28DA-4340-87F9-5111A5F59547}.Release|iPhoneSimulator.Build.0 = Release|iPhoneSimulator
		{46570F72-28DA-4340-87F9-5111A5F59547}.Release|x64.ActiveCfg = Release|iPhone
		{46570F72-28DA-4340-87F9-5111A5F59547}.Release|x64.Build.0 = Release|iPhone
		{46570F72-28DA-4340-87F9-5111A5F59547}.Release|x86.ActiveCfg = Release|iPhone
		{46570F72-28DA-4340-87F9-5111A5F59547}.Release|x86.Build.0 = Release|iPhone
		{EEFEDA2C-C12E-46B7-A3E7-9ECE7345B42B}.AppStore|Any CPU.ActiveCfg = Release|Any CPU
		{EEFEDA2C-C12E-46B7-A3E7-9ECE7345B42B}.AppStore|Any CPU.Build.0 = Release|Any CPU
		{EEFEDA2C-C12E-46B7-A3E7-9ECE7345B42B}.AppStore|ARM.ActiveCfg = Release|Any CPU
		{EEFEDA2C-C12E-46B7-A3E7-9ECE7345B42B}.AppStore|ARM.Build.0 = Release|Any CPU
		{EEFEDA2C-C12E-46B7-A3E7-9ECE7345B42B}.AppStore|iPhone.ActiveCfg = Release|Any CPU
		{EEFEDA2C-C12E-46B7-A3E7-9ECE7345B42B}.AppStore|iPhone.Build.0 = Release|Any CPU
		{EEFEDA2C-C12E-46B7-A3E7-9ECE7345B42B}.AppStore|iPhoneSimulator.ActiveCfg = Release|Any CPU
		{EEFEDA2C-C12E-46B7-A3E7-9ECE7345B42B}.AppStore|iPhoneSimulator.Build.0 = Release|Any CPU
		{EEFEDA2C-C12E-46B7-A3E7-9ECE7345B42B}.AppStore|x64.ActiveCfg = Release|Any CPU
		{EEFEDA2C-C12E-46B7-A3E7-9ECE7345B42B}.AppStore|x64.Build.0 = Release|Any CPU
		{EEFEDA2C-C12E-46B7-A3E7-9ECE7345B42B}.AppStore|x86.ActiveCfg = Release|Any CPU
		{EEFEDA2C-C12E-46B7-A3E7-9ECE7345B42B}.AppStore|x86.Build.0 = Release|Any CPU
		{EEFEDA2C-C12E-46B7-A3E7-9ECE7345B42B}.Debug|Any CPU.ActiveCfg = Debug|Any CPU
		{EEFEDA2C-C12E-46B7-A3E7-9ECE7345B42B}.Debug|Any CPU.Build.0 = Debug|Any CPU
		{EEFEDA2C-C12E-46B7-A3E7-9ECE7345B42B}.Debug|ARM.ActiveCfg = Debug|Any CPU
		{EEFEDA2C-C12E-46B7-A3E7-9ECE7345B42B}.Debug|ARM.Build.0 = Debug|Any CPU
		{EEFEDA2C-C12E-46B7-A3E7-9ECE7345B42B}.Debug|iPhone.ActiveCfg = Debug|Any CPU
		{EEFEDA2C-C12E-46B7-A3E7-9ECE7345B42B}.Debug|iPhone.Build.0 = Debug|Any CPU
		{EEFEDA2C-C12E-46B7-A3E7-9ECE7345B42B}.Debug|iPhoneSimulator.ActiveCfg = Debug|Any CPU
		{EEFEDA2C-C12E-46B7-A3E7-9ECE7345B42B}.Debug|iPhoneSimulator.Build.0 = Debug|Any CPU
		{EEFEDA2C-C12E-46B7-A3E7-9ECE7345B42B}.Debug|x64.ActiveCfg = Debug|Any CPU
		{EEFEDA2C-C12E-46B7-A3E7-9ECE7345B42B}.Debug|x64.Build.0 = Debug|Any CPU
		{EEFEDA2C-C12E-46B7-A3E7-9ECE7345B42B}.Debug|x86.ActiveCfg = Debug|Any CPU
		{EEFEDA2C-C12E-46B7-A3E7-9ECE7345B42B}.Debug|x86.Build.0 = Debug|Any CPU
		{EEFEDA2C-C12E-46B7-A3E7-9ECE7345B42B}.Release|Any CPU.ActiveCfg = Release|Any CPU
		{EEFEDA2C-C12E-46B7-A3E7-9ECE7345B42B}.Release|Any CPU.Build.0 = Release|Any CPU
		{EEFEDA2C-C12E-46B7-A3E7-9ECE7345B42B}.Release|ARM.ActiveCfg = Release|Any CPU
		{EEFEDA2C-C12E-46B7-A3E7-9ECE7345B42B}.Release|ARM.Build.0 = Release|Any CPU
		{EEFEDA2C-C12E-46B7-A3E7-9ECE7345B42B}.Release|iPhone.ActiveCfg = Release|Any CPU
		{EEFEDA2C-C12E-46B7-A3E7-9ECE7345B42B}.Release|iPhone.Build.0 = Release|Any CPU
		{EEFEDA2C-C12E-46B7-A3E7-9ECE7345B42B}.Release|iPhoneSimulator.ActiveCfg = Release|Any CPU
		{EEFEDA2C-C12E-46B7-A3E7-9ECE7345B42B}.Release|iPhoneSimulator.Build.0 = Release|Any CPU
		{EEFEDA2C-C12E-46B7-A3E7-9ECE7345B42B}.Release|x64.ActiveCfg = Release|Any CPU
		{EEFEDA2C-C12E-46B7-A3E7-9ECE7345B42B}.Release|x64.Build.0 = Release|Any CPU
		{EEFEDA2C-C12E-46B7-A3E7-9ECE7345B42B}.Release|x86.ActiveCfg = Release|Any CPU
		{EEFEDA2C-C12E-46B7-A3E7-9ECE7345B42B}.Release|x86.Build.0 = Release|Any CPU
		{DF7171E1-7D04-40C5-A564-4D90AE0E6540}.AppStore|Any CPU.ActiveCfg = Release|x64
		{DF7171E1-7D04-40C5-A564-4D90AE0E6540}.AppStore|Any CPU.Build.0 = Release|x64
		{DF7171E1-7D04-40C5-A564-4D90AE0E6540}.AppStore|Any CPU.Deploy.0 = Release|x64
		{DF7171E1-7D04-40C5-A564-4D90AE0E6540}.AppStore|ARM.ActiveCfg = Release|ARM
		{DF7171E1-7D04-40C5-A564-4D90AE0E6540}.AppStore|ARM.Build.0 = Release|ARM
		{DF7171E1-7D04-40C5-A564-4D90AE0E6540}.AppStore|ARM.Deploy.0 = Release|ARM
		{DF7171E1-7D04-40C5-A564-4D90AE0E6540}.AppStore|iPhone.ActiveCfg = Release|x64
		{DF7171E1-7D04-40C5-A564-4D90AE0E6540}.AppStore|iPhone.Build.0 = Release|x64
		{DF7171E1-7D04-40C5-A564-4D90AE0E6540}.AppStore|iPhone.Deploy.0 = Release|x64
		{DF7171E1-7D04-40C5-A564-4D90AE0E6540}.AppStore|iPhoneSimulator.ActiveCfg = Release|x64
		{DF7171E1-7D04-40C5-A564-4D90AE0E6540}.AppStore|iPhoneSimulator.Build.0 = Release|x64
		{DF7171E1-7D04-40C5-A564-4D90AE0E6540}.AppStore|iPhoneSimulator.Deploy.0 = Release|x64
		{DF7171E1-7D04-40C5-A564-4D90AE0E6540}.AppStore|x64.ActiveCfg = Release|x64
		{DF7171E1-7D04-40C5-A564-4D90AE0E6540}.AppStore|x64.Build.0 = Release|x64
		{DF7171E1-7D04-40C5-A564-4D90AE0E6540}.AppStore|x64.Deploy.0 = Release|x64
		{DF7171E1-7D04-40C5-A564-4D90AE0E6540}.AppStore|x86.ActiveCfg = Release|x86
		{DF7171E1-7D04-40C5-A564-4D90AE0E6540}.AppStore|x86.Build.0 = Release|x86
		{DF7171E1-7D04-40C5-A564-4D90AE0E6540}.AppStore|x86.Deploy.0 = Release|x86
		{DF7171E1-7D04-40C5-A564-4D90AE0E6540}.Debug|Any CPU.ActiveCfg = Debug|x86
		{DF7171E1-7D04-40C5-A564-4D90AE0E6540}.Debug|ARM.ActiveCfg = Debug|ARM
		{DF7171E1-7D04-40C5-A564-4D90AE0E6540}.Debug|ARM.Build.0 = Debug|ARM
		{DF7171E1-7D04-40C5-A564-4D90AE0E6540}.Debug|ARM.Deploy.0 = Debug|ARM
		{DF7171E1-7D04-40C5-A564-4D90AE0E6540}.Debug|iPhone.ActiveCfg = Debug|x86
		{DF7171E1-7D04-40C5-A564-4D90AE0E6540}.Debug|iPhoneSimulator.ActiveCfg = Debug|x86
		{DF7171E1-7D04-40C5-A564-4D90AE0E6540}.Debug|x64.ActiveCfg = Debug|x64
		{DF7171E1-7D04-40C5-A564-4D90AE0E6540}.Debug|x64.Build.0 = Debug|x64
		{DF7171E1-7D04-40C5-A564-4D90AE0E6540}.Debug|x64.Deploy.0 = Debug|x64
		{DF7171E1-7D04-40C5-A564-4D90AE0E6540}.Debug|x86.ActiveCfg = Debug|x86
		{DF7171E1-7D04-40C5-A564-4D90AE0E6540}.Debug|x86.Build.0 = Debug|x86
		{DF7171E1-7D04-40C5-A564-4D90AE0E6540}.Debug|x86.Deploy.0 = Debug|x86
		{DF7171E1-7D04-40C5-A564-4D90AE0E6540}.Release|Any CPU.ActiveCfg = Release|x86
		{DF7171E1-7D04-40C5-A564-4D90AE0E6540}.Release|ARM.ActiveCfg = Release|ARM
		{DF7171E1-7D04-40C5-A564-4D90AE0E6540}.Release|ARM.Build.0 = Release|ARM
		{DF7171E1-7D04-40C5-A564-4D90AE0E6540}.Release|ARM.Deploy.0 = Release|ARM
		{DF7171E1-7D04-40C5-A564-4D90AE0E6540}.Release|iPhone.ActiveCfg = Release|x86
		{DF7171E1-7D04-40C5-A564-4D90AE0E6540}.Release|iPhoneSimulator.ActiveCfg = Release|x86
		{DF7171E1-7D04-40C5-A564-4D90AE0E6540}.Release|x64.ActiveCfg = Release|x64
		{DF7171E1-7D04-40C5-A564-4D90AE0E6540}.Release|x64.Build.0 = Release|x64
		{DF7171E1-7D04-40C5-A564-4D90AE0E6540}.Release|x64.Deploy.0 = Release|x64
		{DF7171E1-7D04-40C5-A564-4D90AE0E6540}.Release|x86.ActiveCfg = Release|x86
		{DF7171E1-7D04-40C5-A564-4D90AE0E6540}.Release|x86.Build.0 = Release|x86
		{DF7171E1-7D04-40C5-A564-4D90AE0E6540}.Release|x86.Deploy.0 = Release|x86
	EndGlobalSection
	GlobalSection(SolutionProperties) = preSolution
		HideSolutionNode = FALSE
	EndGlobalSection
	GlobalSection(NestedProjects) = preSolution
		{7E902E31-8023-40F6-AD70-5C3B67341097} = {953F9E0A-E691-47A0-B029-314E300E75B4}
		{805838B9-1992-44D4-9235-6D35A9F30469} = {953F9E0A-E691-47A0-B029-314E300E75B4}
		{00626F49-63A0-4A0A-82F3-B5DCE9488BD0} = {953F9E0A-E691-47A0-B029-314E300E75B4}
		{2B59AB94-5FF2-426E-B4D8-97CB51CDBA2C} = {953F9E0A-E691-47A0-B029-314E300E75B4}
		{FF75708A-09D5-4AAC-A9A7-16E3D0AA6CDE} = {0283E8DC-BDB9-4F9B-BC53-E7FE3E966DAC}
		{46570F72-28DA-4340-87F9-5111A5F59547} = {0283E8DC-BDB9-4F9B-BC53-E7FE3E966DAC}
		{EEFEDA2C-C12E-46B7-A3E7-9ECE7345B42B} = {0283E8DC-BDB9-4F9B-BC53-E7FE3E966DAC}
		{DF7171E1-7D04-40C5-A564-4D90AE0E6540} = {0283E8DC-BDB9-4F9B-BC53-E7FE3E966DAC}
	EndGlobalSection
EndGlobal
